
Microsoft Visual Studio Solution File, Format Version 12.00
# Visual Studio Version 17
VisualStudioVersion = 17.7.34031.279
MinimumVisualStudioVersion = 10.0.40219.1
Project("{FAE04EC0-301F-11D3-BF4B-00C04F79EFBC}") = "CrashMe", "CrashMe.csproj", "{73A746EC-292F-42DA-B30E-5D11FF1AA162}"
EndProject
Global
	GlobalSection(SolutionConfigurationPlatforms) = preSolution
		Debug|Any CPU = Debug|Any CPU
		Release|Any CPU = Release|Any CPU
	EndGlobalSection
	GlobalSection(ProjectConfigurationPlatforms) = postSolution
		{73A746EC-292F-42DA-B30E-5D11FF1AA162}.Debug|Any CPU.ActiveCfg = Debug|Any CPU
		{73A746EC-292F-42DA-B30E-5D11FF1AA162}.Debug|Any CPU.Build.0 = Debug|Any CPU
		{73A746EC-292F-42DA-B30E-5D11FF1AA162}.Release|Any CPU.ActiveCfg = Release|Any CPU
		{73A746EC-292F-42DA-B30E-5D11FF1AA162}.Release|Any CPU.Build.0 = Release|Any CPU
	EndGlobalSection
	GlobalSection(SolutionProperties) = preSolution
		HideSolutionNode = FALSE
	EndGlobalSection
	GlobalSection(ExtensibilityGlobals) = postSolution
		SolutionGuid = {0EBDE394-2A37-4486-A6F6-75069425B521}
	EndGlobalSection
EndGlobal
